<?xml version="1.0" encoding="utf-8"?>
<Project ToolsVersion="4.0" xmlns="http://schemas.microsoft.com/developer/msbuild/2003">
  <ItemGroup>
    <Filter Include="Resource Files">
      <UniqueIdentifier>{67DA6AB6-F800-4c08-8B7A-83BB121AAD01}</UniqueIdentifier>
      <Extensions>rc;ico;cur;bmp;dlg;rc2;rct;bin;rgs;gif;jpg;jpeg;jpe;resx;tiff;tif;png;wav;mfcribbon-ms</Extensions>
    </Filter>
    <Filter Include="Utilities">
      <UniqueIdentifier>{85518758-32ab-4e00-8bb8-815f08ee242b}</UniqueIdentifier>
    </Filter>
    <Filter Include="Windows and Dialogs">
      <UniqueIdentifier>{54f14b6c-a0c2-4100-8bbf-dc0c8b5c7f81}</UniqueIdentifier>
    </Filter>
    <Filter Include="Bolota">
      <UniqueIdentifier>{7c57a6bc-c89a-4454-82fe-aede3770f83d}</UniqueIdentifier>
    </Filter>
    <Filter Include="Application">
      <UniqueIdentifier>{cc6a3001-e2c1-4871-b56e-0a7bb043a5a1}</UniqueIdentifier>
    </Filter>
    <Filter Include="Components">
      <UniqueIdentifier>{cee9864e-64ee-4d37-b9a8-ffe149338e4d}</UniqueIdentifier>
    </Filter>
    <Filter Include="Exceptions">
      <UniqueIdentifier>{420f3a40-4f33-4a28-aebc-0886415c5dfb}</UniqueIdentifier>
    </Filter>
    <Filter Include="Resource Files\Field Icons">
      <UniqueIdentifier>{2665faae-576c-41f7-bd99-cdf81c497121}</UniqueIdentifier>
    </Filter>
  </ItemGroup>
  <ItemGroup>
    <ClInclude Include="..\src\Utilities\DialogWindow.h">
      <Filter>Utilities</Filter>
    </ClInclude>
    <ClInclude Include="..\src\Utilities\MsgBoxes.h">
      <Filter>Utilities</Filter>
    </ClInclude>
    <ClInclude Include="..\src\Utilities\WindowUtilities.h">
      <Filter>Utilities</Filter>
    </ClInclude>
    <ClInclude Include="..\src\AboutDialog.h">
      <Filter>Windows and Dialogs</Filter>
    </ClInclude>
    <ClInclude Include="..\src\MainWindow.h">
      <Filter>Windows and Dialogs</Filter>
    </ClInclude>
    <ClInclude Include="Resource.h">
      <Filter>Resource Files</Filter>
    </ClInclude>
    <ClInclude Include="..\src\targetver.h">
      <Filter>Application</Filter>
    </ClInclude>
    <ClInclude Include="..\src\Application.h">
      <Filter>Application</Filter>
    </ClInclude>
    <ClInclude Include="..\src\stdafx.h">
      <Filter>Application</Filter>
    </ClInclude>
    <ClInclude Include="..\src\SharedResources.h">
      <Filter>Resource Files</Filter>
    </ClInclude>
    <ClInclude Include="..\src\Bolota\Field.h">
      <Filter>Bolota</Filter>
    </ClInclude>
    <ClInclude Include="..\src\Bolota\UString.h">
      <Filter>Bolota</Filter>
    </ClInclude>
    <ClInclude Include="..\src\Bolota\Document.h">
      <Filter>Bolota</Filter>
    </ClInclude>
    <ClInclude Include="..\src\Components\BolotaView.h">
      <Filter>Components</Filter>
    </ClInclude>
    <ClInclude Include="..\src\FieldManagerDialog.h">
      <Filter>Windows and Dialogs</Filter>
    </ClInclude>
    <ClInclude Include="..\src\Bolota\Exceptions.h">
      <Filter>Bolota</Filter>
    </ClInclude>
    <ClInclude Include="..\src\Exceptions\SystemException.h">
      <Filter>Exceptions</Filter>
    </ClInclude>
    <ClInclude Include="..\src\PropertiesDialog.h">
      <Filter>Windows and Dialogs</Filter>
    </ClInclude>
    <ClInclude Include="..\src\Bolota\DateField.h">
      <Filter>Bolota</Filter>
    </ClInclude>
    <ClInclude Include="..\src\Utilities\ImageList.h">
      <Filter>Utilities</Filter>
    </ClInclude>
  </ItemGroup>
  <ItemGroup>
    <ClCompile Include="..\src\Utilities\DialogWindow.cpp">
      <Filter>Utilities</Filter>
    </ClCompile>
    <ClCompile Include="..\src\Utilities\MsgBoxes.cpp">
      <Filter>Utilities</Filter>
    </ClCompile>
    <ClCompile Include="..\src\AboutDialog.cpp">
      <Filter>Windows and Dialogs</Filter>
    </ClCompile>
    <ClCompile Include="..\src\MainWindow.cpp">
      <Filter>Windows and Dialogs</Filter>
    </ClCompile>
    <ClCompile Include="..\src\Application.cpp">
      <Filter>Application</Filter>
    </ClCompile>
    <ClCompile Include="..\src\stdafx.cpp">
      <Filter>Application</Filter>
    </ClCompile>
    <ClCompile Include="..\src\Bolota\UString.cpp">
      <Filter>Bolota</Filter>
    </ClCompile>
    <ClCompile Include="..\src\Bolota\Field.cpp">
      <Filter>Bolota</Filter>
    </ClCompile>
    <ClCompile Include="..\src\Components\BolotaView.cpp">
      <Filter>Components</Filter>
    </ClCompile>
    <ClCompile Include="..\src\Bolota\Document.cpp">
      <Filter>Bolota</Filter>
    </ClCompile>
    <ClCompile Include="..\src\FieldManagerDialog.cpp">
      <Filter>Windows and Dialogs</Filter>
    </ClCompile>
    <ClCompile Include="..\src\Exceptions\SystemException.cpp">
      <Filter>Exceptions</Filter>
    </ClCompile>
    <ClCompile Include="..\src\PropertiesDialog.cpp">
      <Filter>Windows and Dialogs</Filter>
    </ClCompile>
    <ClCompile Include="..\src\Bolota\DateField.cpp">
      <Filter>Bolota</Filter>
    </ClCompile>
    <ClCompile Include="..\src\Utilities\WindowUtilities.cpp">
      <Filter>Utilities</Filter>
    </ClCompile>
    <ClCompile Include="..\src\Utilities\ImageList.cpp">
      <Filter>Utilities</Filter>
    </ClCompile>
  </ItemGroup>
  <ItemGroup>
    <ResourceCompile Include="Bolota.rc">
      <Filter>Resource Files</Filter>
    </ResourceCompile>
  </ItemGroup>
  <ItemGroup>
    <Image Include="..\icons\bolota-icon.ico">
      <Filter>Resource Files</Filter>
    </Image>
    <Image Include="..\icons\fields\Battery.ico">
      <Filter>Resource Files\Field Icons</Filter>
    </Image>
    <Image Include="..\icons\fields\Box.ico">
      <Filter>Resource Files\Field Icons</Filter>
    </Image>
    <Image Include="..\icons\fields\Calendar.ico">
      <Filter>Resource Files\Field Icons</Filter>
    </Image>
    <Image Include="..\icons\fields\Camera.ico">
      <Filter>Resource Files\Field Icons</Filter>
    </Image>
    <Image Include="..\icons\fields\Check.ico">
      <Filter>Resource Files\Field Icons</Filter>
    </Image>
    <Image Include="..\icons\fields\Clipboard.ico">
      <Filter>Resource Files\Field Icons</Filter>
    </Image>
    <Image Include="..\icons\fields\Clock.ico">
      <Filter>Resource Files\Field Icons</Filter>
    </Image>
    <Image Include="..\icons\fields\CPU.ico">
      <Filter>Resource Files\Field Icons</Filter>
    </Image>
    <Image Include="..\icons\fields\Find.ico">
      <Filter>Resource Files\Field Icons</Filter>
    </Image>
    <Image Include="..\icons\fields\Folder.ico">
      <Filter>Resource Files\Field Icons</Filter>
    </Image>
    <Image Include="..\icons\fields\Gear.ico">
      <Filter>Resource Files\Field Icons</Filter>
    </Image>
    <Image Include="..\icons\fields\Help.ico">
      <Filter>Resource Files\Field Icons</Filter>
    </Image>
    <Image Include="..\icons\fields\History.ico">
      <Filter>Resource Files\Field Icons</Filter>
    </Image>
    <Image Include="..\icons\fields\Laptop.ico">
      <Filter>Resource Files\Field Icons</Filter>
    </Image>
    <Image Include="..\icons\fields\Light.ico">
      <Filter>Resource Files\Field Icons</Filter>
    </Image>
    <Image Include="..\icons\fields\Love.ico">
      <Filter>Resource Files\Field Icons</Filter>
    </Image>
    <Image Include="..\icons\fields\Men.ico">
      <Filter>Resource Files\Field Icons</Filter>
    </Image>
    <Image Include="..\icons\fields\Money.ico">
      <Filter>Resource Files\Field Icons</Filter>
    </Image>
    <Image Include="..\icons\fields\Movie.ico">
      <Filter>Resource Files\Field Icons</Filter>
    </Image>
    <Image Include="..\icons\fields\Plus.ico">
      <Filter>Resource Files\Field Icons</Filter>
    </Image>
    <Image Include="..\icons\fields\Redo.ico">
      <Filter>Resource Files\Field Icons</Filter>
    </Image>
    <Image Include="..\icons\fields\Remove.ico">
      <Filter>Resource Files\Field Icons</Filter>
    </Image>
    <Image Include="..\icons\fields\Signpost.ico">
      <Filter>Resource Files\Field Icons</Filter>
    </Image>
    <Image Include="..\icons\fields\Sound.ico">
      <Filter>Resource Files\Field Icons</Filter>
    </Image>
    <Image Include="..\icons\fields\Star.ico">
      <Filter>Resource Files\Field Icons</Filter>
    </Image>
    <Image Include="..\icons\fields\Stop.ico">
      <Filter>Resource Files\Field Icons</Filter>
    </Image>
    <Image Include="..\icons\fields\Tags.ico">
      <Filter>Resource Files\Field Icons</Filter>
    </Image>
    <Image Include="..\icons\fields\Trash.ico">
      <Filter>Resource Files\Field Icons</Filter>
    </Image>
    <Image Include="..\icons\fields\Undo.ico">
      <Filter>Resource Files\Field Icons</Filter>
    </Image>
    <Image Include="..\icons\fields\Woman.ico">
      <Filter>Resource Files\Field Icons</Filter>
    </Image>
    <Image Include="..\icons\fields\Wrench.ico">
      <Filter>Resource Files\Field Icons</Filter>
    </Image>
  </ItemGroup>
  <ItemGroup>
    <Xml Include="manifest.xml">
      <Filter>Resource Files</Filter>
    </Xml>
  </ItemGroup>
</Project>