<?xml version="1.0" encoding="utf-8"?>
<Project ToolsVersion="4.0" xmlns="http://schemas.microsoft.com/developer/msbuild/2003">
  <ItemGroup>
    <Filter Include="Resource Files">
      <UniqueIdentifier>{67DA6AB6-F800-4c08-8B7A-83BB121AAD01}</UniqueIdentifier>
      <Extensions>rc;ico;cur;bmp;dlg;rc2;rct;bin;rgs;gif;jpg;jpeg;jpe;resx;tiff;tif;png;wav;mfcribbon-ms</Extensions>
    </Filter>
    <Filter Include="Utilities">
      <UniqueIdentifier>{85518758-32ab-4e00-8bb8-815f08ee242b}</UniqueIdentifier>
    </Filter>
    <Filter Include="Windows and Dialogs">
      <UniqueIdentifier>{54f14b6c-a0c2-4100-8bbf-dc0c8b5c7f81}</UniqueIdentifier>
    </Filter>
    <Filter Include="Bolota">
      <UniqueIdentifier>{7c57a6bc-c89a-4454-82fe-aede3770f83d}</UniqueIdentifier>
    </Filter>
    <Filter Include="Application">
      <UniqueIdentifier>{cc6a3001-e2c1-4871-b56e-0a7bb043a5a1}</UniqueIdentifier>
    </Filter>
  </ItemGroup>
  <ItemGroup>
    <ClInclude Include="Utilities\DialogWindow.h">
      <Filter>Utilities</Filter>
    </ClInclude>
    <ClInclude Include="Utilities\MsgBoxes.h">
      <Filter>Utilities</Filter>
    </ClInclude>
    <ClInclude Include="Utilities\WindowUtilities.h">
      <Filter>Utilities</Filter>
    </ClInclude>
    <ClInclude Include="AboutDialog.h">
      <Filter>Windows and Dialogs</Filter>
    </ClInclude>
    <ClInclude Include="MainWindow.h">
      <Filter>Windows and Dialogs</Filter>
    </ClInclude>
    <ClInclude Include="Bolota\bolota.h">
      <Filter>Bolota</Filter>
    </ClInclude>
    <ClInclude Include="Resource.h">
      <Filter>Resource Files</Filter>
    </ClInclude>
    <ClInclude Include="targetver.h">
      <Filter>Application</Filter>
    </ClInclude>
    <ClInclude Include="Application.h">
      <Filter>Application</Filter>
    </ClInclude>
    <ClInclude Include="stdafx.h">
      <Filter>Application</Filter>
    </ClInclude>
  </ItemGroup>
  <ItemGroup>
    <ClCompile Include="Utilities\DialogWindow.cpp">
      <Filter>Utilities</Filter>
    </ClCompile>
    <ClCompile Include="Utilities\MsgBoxes.cpp">
      <Filter>Utilities</Filter>
    </ClCompile>
    <ClCompile Include="Utilities\WindowUtilities.c">
      <Filter>Utilities</Filter>
    </ClCompile>
    <ClCompile Include="AboutDialog.cpp">
      <Filter>Windows and Dialogs</Filter>
    </ClCompile>
    <ClCompile Include="MainWindow.cpp">
      <Filter>Windows and Dialogs</Filter>
    </ClCompile>
    <ClCompile Include="Bolota\bolota.c">
      <Filter>Bolota</Filter>
    </ClCompile>
    <ClCompile Include="Application.cpp">
      <Filter>Application</Filter>
    </ClCompile>
    <ClCompile Include="stdafx.cpp">
      <Filter>Application</Filter>
    </ClCompile>
  </ItemGroup>
  <ItemGroup>
    <ResourceCompile Include="Bolota.rc">
      <Filter>Resource Files</Filter>
    </ResourceCompile>
  </ItemGroup>
  <ItemGroup>
    <Image Include="small.ico">
      <Filter>Resource Files</Filter>
    </Image>
    <Image Include="Bolota.ico">
      <Filter>Resource Files</Filter>
    </Image>
  </ItemGroup>
</Project>